
Microsoft Visual Studio Solution File, Format Version 12.00
# Visual Studio Version 17
VisualStudioVersion = 17.3.32929.385
MinimumVisualStudioVersion = 10.0.40219.1
Project("{FAE04EC0-301F-11D3-BF4B-00C04F79EFBC}") = "Calculator", "Calculator\Calculator.csproj", "{FEBFF584-7C7A-4B2E-8C0D-5FB25EAA5F1D}"
EndProject
Global
	GlobalSection(SolutionConfigurationPlatforms) = preSolution
		Debug|Any CPU = Debug|Any CPU
		Release|Any CPU = Release|Any CPU
	EndGlobalSection
	GlobalSection(ProjectConfigurationPlatforms) = postSolution
		{FEBFF584-7C7A-4B2E-8C0D-5FB25EAA5F1D}.Debug|Any CPU.ActiveCfg = Debug|Any CPU
		{FEBFF584-7C7A-4B2E-8C0D-5FB25EAA5F1D}.Debug|Any CPU.Build.0 = Debug|Any CPU
		{FEBFF584-7C7A-4B2E-8C0D-5FB25EAA5F1D}.Release|Any CPU.ActiveCfg = Release|Any CPU
		{FEBFF584-7C7A-4B2E-8C0D-5FB25EAA5F1D}.Release|Any CPU.Build.0 = Release|Any CPU
	EndGlobalSection
	GlobalSection(SolutionProperties) = preSolution
		HideSolutionNode = FALSE
	EndGlobalSection
	GlobalSection(ExtensibilityGlobals) = postSolution
		SolutionGuid = {6660081F-D4C4-436E-BB36-7B8C3C0B4B42}
	EndGlobalSection
EndGlobal
